dependencies:
- name: common
  repository: https://charts.bitnami.com/bitnami
  version: 1.11.1
- name: node-exporter
  repository: https://charts.bitnami.com/bitnami
  version: 2.4.1
- name: kube-state-metrics
  repository: https://charts.bitnami.com/bitnami
  version: 2.2.4
digest: sha256:90ba15a8ee5909467d8f5f53faa53017a1af9cdc356a1f417bd37e290ab4446e
generated: "2022-02-03T22:17:17.523350646-06:00"
